
Microsoft Visual Studio Solution File, Format Version 12.00
# Visual Studio Version 17
VisualStudioVersion = 17.12.35209.166
MinimumVisualStudioVersion = 10.0.40219.1
Project("{FAE04EC0-301F-11D3-BF4B-00C04F79EFBC}") = "InsertionSort", "InsertionSort\InsertionSort.csproj", "{0EDF8FCC-3B7D-4E6F-958E-7121A0CDA2D1}"
EndProject
Global
	GlobalSection(SolutionConfigurationPlatforms) = preSolution
		Debug|Any CPU = Debug|Any CPU
		Release|Any CPU = Release|Any CPU
	EndGlobalSection
	GlobalSection(ProjectConfigurationPlatforms) = postSolution
		{0EDF8FCC-3B7D-4E6F-958E-7121A0CDA2D1}.Debug|Any CPU.ActiveCfg = Debug|Any CPU
		{0EDF8FCC-3B7D-4E6F-958E-7121A0CDA2D1}.Debug|Any CPU.Build.0 = Debug|Any CPU
		{0EDF8FCC-3B7D-4E6F-958E-7121A0CDA2D1}.Release|Any CPU.ActiveCfg = Release|Any CPU
		{0EDF8FCC-3B7D-4E6F-958E-7121A0CDA2D1}.Release|Any CPU.Build.0 = Release|Any CPU
	EndGlobalSection
	GlobalSection(SolutionProperties) = preSolution
		HideSolutionNode = FALSE
	EndGlobalSection
	GlobalSection(ExtensibilityGlobals) = postSolution
		SolutionGuid = {0CCF34EA-39DD-4DB9-BD6E-B0B9B0815F4D}
	EndGlobalSection
EndGlobal
